
Microsoft Visual Studio Solution File, Format Version 12.00
# Visual Studio 2013
VisualStudioVersion = 12.0.31101.0
MinimumVisualStudioVersion = 10.0.40219.1
Project("{FAE04EC0-301F-11D3-BF4B-00C04F79EFBC}") = "FlickrAutoUploader", "FlickrAutoUploader\FlickrAutoUploader.csproj", "{5121C9F4-505F-4467-B146-7428127F7252}"
EndProject
Project("{FAE04EC0-301F-11D3-BF4B-00C04F79EFBC}") = "MyFlickrLibrary", "PhoneClassLibrary1\MyFlickrLibrary.csproj", "{C8BF12DE-7175-40E9-9FBF-FCFA5293C24A}"
EndProject
Project("{FAE04EC0-301F-11D3-BF4B-00C04F79EFBC}") = "ScheduledTaskAgent1", "ScheduledTaskAgent1\ScheduledTaskAgent1.csproj", "{CFCD4C1F-AFA3-4354-8739-167885C53364}"
EndProject
Global
	GlobalSection(SolutionConfigurationPlatforms) = preSolution
		Debug|Any CPU = Debug|Any CPU
		Debug|ARM = Debug|ARM
		Debug|x86 = Debug|x86
		Release|Any CPU = Release|Any CPU
		Release|ARM = Release|ARM
		Release|x86 = Release|x86
	EndGlobalSection
	GlobalSection(ProjectConfigurationPlatforms) = postSolution
		{5121C9F4-505F-4467-B146-7428127F7252}.Debug|Any CPU.ActiveCfg = Debug|Any CPU
		{5121C9F4-505F-4467-B146-7428127F7252}.Debug|Any CPU.Build.0 = Debug|Any CPU
		{5121C9F4-505F-4467-B146-7428127F7252}.Debug|Any CPU.Deploy.0 = Debug|Any CPU
		{5121C9F4-505F-4467-B146-7428127F7252}.Debug|ARM.ActiveCfg = Debug|ARM
		{5121C9F4-505F-4467-B146-7428127F7252}.Debug|ARM.Build.0 = Debug|ARM
		{5121C9F4-505F-4467-B146-7428127F7252}.Debug|ARM.Deploy.0 = Debug|ARM
		{5121C9F4-505F-4467-B146-7428127F7252}.Debug|x86.ActiveCfg = Debug|x86
		{5121C9F4-505F-4467-B146-7428127F7252}.Debug|x86.Build.0 = Debug|x86
		{5121C9F4-505F-4467-B146-7428127F7252}.Debug|x86.Deploy.0 = Debug|x86
		{5121C9F4-505F-4467-B146-7428127F7252}.Release|Any CPU.ActiveCfg = Release|Any CPU
		{5121C9F4-505F-4467-B146-7428127F7252}.Release|Any CPU.Build.0 = Release|Any CPU
		{5121C9F4-505F-4467-B146-7428127F7252}.Release|Any CPU.Deploy.0 = Release|Any CPU
		{5121C9F4-505F-4467-B146-7428127F7252}.Release|ARM.ActiveCfg = Release|ARM
		{5121C9F4-505F-4467-B146-7428127F7252}.Release|ARM.Build.0 = Release|ARM
		{5121C9F4-505F-4467-B146-7428127F7252}.Release|ARM.Deploy.0 = Release|ARM
		{5121C9F4-505F-4467-B146-7428127F7252}.Release|x86.ActiveCfg = Release|x86
		{5121C9F4-505F-4467-B146-7428127F7252}.Release|x86.Build.0 = Release|x86
		{5121C9F4-505F-4467-B146-7428127F7252}.Release|x86.Deploy.0 = Release|x86
		{C8BF12DE-7175-40E9-9FBF-FCFA5293C24A}.Debug|Any CPU.ActiveCfg = Debug|Any CPU
		{C8BF12DE-7175-40E9-9FBF-FCFA5293C24A}.Debug|Any CPU.Build.0 = Debug|Any CPU
		{C8BF12DE-7175-40E9-9FBF-FCFA5293C24A}.Debug|ARM.ActiveCfg = Debug|ARM
		{C8BF12DE-7175-40E9-9FBF-FCFA5293C24A}.Debug|ARM.Build.0 = Debug|ARM
		{C8BF12DE-7175-40E9-9FBF-FCFA5293C24A}.Debug|x86.ActiveCfg = Debug|x86
		{C8BF12DE-7175-40E9-9FBF-FCFA5293C24A}.Debug|x86.Build.0 = Debug|x86
		{C8BF12DE-7175-40E9-9FBF-FCFA5293C24A}.Release|Any CPU.ActiveCfg = Release|Any CPU
		{C8BF12DE-7175-40E9-9FBF-FCFA5293C24A}.Release|Any CPU.Build.0 = Release|Any CPU
		{C8BF12DE-7175-40E9-9FBF-FCFA5293C24A}.Release|ARM.ActiveCfg = Release|ARM
		{C8BF12DE-7175-40E9-9FBF-FCFA5293C24A}.Release|ARM.Build.0 = Release|ARM
		{C8BF12DE-7175-40E9-9FBF-FCFA5293C24A}.Release|x86.ActiveCfg = Release|x86
		{C8BF12DE-7175-40E9-9FBF-FCFA5293C24A}.Release|x86.Build.0 = Release|x86
		{CFCD4C1F-AFA3-4354-8739-167885C53364}.Debug|Any CPU.ActiveCfg = Debug|Any CPU
		{CFCD4C1F-AFA3-4354-8739-167885C53364}.Debug|Any CPU.Build.0 = Debug|Any CPU
		{CFCD4C1F-AFA3-4354-8739-167885C53364}.Debug|ARM.ActiveCfg = Debug|ARM
		{CFCD4C1F-AFA3-4354-8739-167885C53364}.Debug|ARM.Build.0 = Debug|ARM
		{CFCD4C1F-AFA3-4354-8739-167885C53364}.Debug|x86.ActiveCfg = Debug|x86
		{CFCD4C1F-AFA3-4354-8739-167885C53364}.Debug|x86.Build.0 = Debug|x86
		{CFCD4C1F-AFA3-4354-8739-167885C53364}.Release|Any CPU.ActiveCfg = Release|Any CPU
		{CFCD4C1F-AFA3-4354-8739-167885C53364}.Release|Any CPU.Build.0 = Release|Any CPU
		{CFCD4C1F-AFA3-4354-8739-167885C53364}.Release|ARM.ActiveCfg = Release|ARM
		{CFCD4C1F-AFA3-4354-8739-167885C53364}.Release|ARM.Build.0 = Release|ARM
		{CFCD4C1F-AFA3-4354-8739-167885C53364}.Release|x86.ActiveCfg = Release|x86
		{CFCD4C1F-AFA3-4354-8739-167885C53364}.Release|x86.Build.0 = Release|x86
	EndGlobalSection
	GlobalSection(SolutionProperties) = preSolution
		HideSolutionNode = FALSE
	EndGlobalSection
EndGlobal
